
Microsoft Visual Studio Solution File, Format Version 12.00
# Visual Studio Version 17
VisualStudioVersion = 17.5.002.0
MinimumVisualStudioVersion = 10.0.40219.1
Project("{9A19103F-16F7-4668-BE54-9A1E7A4F7556}") = "Maybe", "src\Maybe\Maybe.csproj", "{1A9C21AC-0F3F-44E3-B923-6850557903EC}"
EndProject
Project("{2150E333-8FDC-42A3-9474-1A3956D46DE8}") = "src", "src", "{79CFFFAB-0E14-4828-9237-8985C5428F00}"
	ProjectSection(SolutionItems) = preProject
		src\.editorconfig = src\.editorconfig
		src\Directory.Build.props = src\Directory.Build.props
		src\Local.pack.props = src\Local.pack.props
	EndProjectSection
EndProject
Project("{9A19103F-16F7-4668-BE54-9A1E7A4F7556}") = "Either", "src\Either\Either.csproj", "{685612FE-A0E5-4724-95E8-FE1803DFAC2D}"
EndProject
Project("{9A19103F-16F7-4668-BE54-9A1E7A4F7556}") = "Result", "src\Result\Result.csproj", "{2F383FF4-BABB-44B2-BE01-7E9F11A6C89B}"
EndProject
Project("{2150E333-8FDC-42A3-9474-1A3956D46DE8}") = "Solution Items", "Solution Items", "{576A591C-53FA-429F-B6ED-C5B6DEF8EE84}"
	ProjectSection(SolutionItems) = preProject
		.editorconfig = .editorconfig
		.gitignore = .gitignore
		.github\workflows\build-docs.yml = .github\workflows\build-docs.yml
		Directory.Packages.props = Directory.Packages.props
		.github\FUNDING.yml = .github\FUNDING.yml
		LICENSE = LICENSE
		Pack.csproj = Pack.csproj
		.github\workflows\publish.yml = .github\workflows\publish.yml
		README.md = README.md
		Test.csproj = Test.csproj
		.github\workflows\test.yml = .github\workflows\test.yml
		Version = Version
		.github\workflows\workflow-cleanup.yml = .github\workflows\workflow-cleanup.yml
		wrap.code-workspace = wrap.code-workspace
	EndProjectSection
EndProject
Project("{9A19103F-16F7-4668-BE54-9A1E7A4F7556}") = "Common", "src\Common\Common.csproj", "{FEF06900-2DD1-4C0E-A514-5E60A675526C}"
EndProject
Project("{2150E333-8FDC-42A3-9474-1A3956D46DE8}") = "tests", "tests", "{AA608F69-C4ED-4242-875E-42793DDCA6B4}"
	ProjectSection(SolutionItems) = preProject
		tests\.editorconfig = tests\.editorconfig
		tests\Directory.Build.props = tests\Directory.Build.props
	EndProjectSection
EndProject
Project("{9A19103F-16F7-4668-BE54-9A1E7A4F7556}") = "Tests.Common", "tests\Tests.Common\Tests.Common.csproj", "{FAE3EC41-F95B-40BB-BE99-5EE3A35020BF}"
EndProject
Project("{9A19103F-16F7-4668-BE54-9A1E7A4F7556}") = "Tests.Maybe", "tests\Tests.Maybe\Tests.Maybe.csproj", "{C532CE77-8928-4ED1-8093-A97D9A7332ED}"
EndProject
Project("{9A19103F-16F7-4668-BE54-9A1E7A4F7556}") = "Maybe.Testing", "src\Maybe.Testing\Maybe.Testing.csproj", "{67C3C32F-12A3-4E45-A701-6EA59F22E4A2}"
EndProject
Project("{9A19103F-16F7-4668-BE54-9A1E7A4F7556}") = "All", "src\All\All.csproj", "{118817AD-CCE9-40A4-A8A7-4B403E1EB28F}"
EndProject
Project("{2150E333-8FDC-42A3-9474-1A3956D46DE8}") = "docs", "docs", "{4B7F8518-4D8F-4CB4-8A4A-35E27952CC93}"
	ProjectSection(SolutionItems) = preProject
		docs\docfx.json = docs\docfx.json
		docs\index.md = docs\index.md
		docs\toc.yml = docs\toc.yml
	EndProjectSection
EndProject
Project("{9A19103F-16F7-4668-BE54-9A1E7A4F7556}") = "Id", "src\Id\Id.csproj", "{FD963CA7-A488-4577-8D1D-43297EB6220F}"
EndProject
Project("{9A19103F-16F7-4668-BE54-9A1E7A4F7556}") = "Result.Testing", "src\Result.Testing\Result.Testing.csproj", "{1647A9DA-90A0-4B23-B6CD-410F7EE32A89}"
EndProject
Project("{9A19103F-16F7-4668-BE54-9A1E7A4F7556}") = "All.Testing", "src\All.Testing\All.Testing.csproj", "{562EA825-7859-4074-9B6E-8EDC3B393D35}"
EndProject
Project("{9A19103F-16F7-4668-BE54-9A1E7A4F7556}") = "Maybe.System.Text.Json", "src\Maybe.System.Text.Json\Maybe.System.Text.Json.csproj", "{B1FAC0A5-36A0-4F9B-A67A-F6B27BCFAC20}"
EndProject
Global
	GlobalSection(SolutionConfigurationPlatforms) = preSolution
		Debug|Any CPU = Debug|Any CPU
		Release|Any CPU = Release|Any CPU
	EndGlobalSection
	GlobalSection(ProjectConfigurationPlatforms) = postSolution
		{1A9C21AC-0F3F-44E3-B923-6850557903EC}.Debug|Any CPU.ActiveCfg = Debug|Any CPU
		{1A9C21AC-0F3F-44E3-B923-6850557903EC}.Debug|Any CPU.Build.0 = Debug|Any CPU
		{1A9C21AC-0F3F-44E3-B923-6850557903EC}.Release|Any CPU.ActiveCfg = Release|Any CPU
		{1A9C21AC-0F3F-44E3-B923-6850557903EC}.Release|Any CPU.Build.0 = Release|Any CPU
		{685612FE-A0E5-4724-95E8-FE1803DFAC2D}.Debug|Any CPU.ActiveCfg = Debug|Any CPU
		{685612FE-A0E5-4724-95E8-FE1803DFAC2D}.Debug|Any CPU.Build.0 = Debug|Any CPU
		{685612FE-A0E5-4724-95E8-FE1803DFAC2D}.Release|Any CPU.ActiveCfg = Release|Any CPU
		{685612FE-A0E5-4724-95E8-FE1803DFAC2D}.Release|Any CPU.Build.0 = Release|Any CPU
		{2F383FF4-BABB-44B2-BE01-7E9F11A6C89B}.Debug|Any CPU.ActiveCfg = Debug|Any CPU
		{2F383FF4-BABB-44B2-BE01-7E9F11A6C89B}.Debug|Any CPU.Build.0 = Debug|Any CPU
		{2F383FF4-BABB-44B2-BE01-7E9F11A6C89B}.Release|Any CPU.ActiveCfg = Release|Any CPU
		{2F383FF4-BABB-44B2-BE01-7E9F11A6C89B}.Release|Any CPU.Build.0 = Release|Any CPU
		{FEF06900-2DD1-4C0E-A514-5E60A675526C}.Debug|Any CPU.ActiveCfg = Debug|Any CPU
		{FEF06900-2DD1-4C0E-A514-5E60A675526C}.Debug|Any CPU.Build.0 = Debug|Any CPU
		{FEF06900-2DD1-4C0E-A514-5E60A675526C}.Release|Any CPU.ActiveCfg = Release|Any CPU
		{FEF06900-2DD1-4C0E-A514-5E60A675526C}.Release|Any CPU.Build.0 = Release|Any CPU
		{FAE3EC41-F95B-40BB-BE99-5EE3A35020BF}.Debug|Any CPU.ActiveCfg = Debug|Any CPU
		{FAE3EC41-F95B-40BB-BE99-5EE3A35020BF}.Debug|Any CPU.Build.0 = Debug|Any CPU
		{FAE3EC41-F95B-40BB-BE99-5EE3A35020BF}.Release|Any CPU.ActiveCfg = Release|Any CPU
		{FAE3EC41-F95B-40BB-BE99-5EE3A35020BF}.Release|Any CPU.Build.0 = Release|Any CPU
		{C532CE77-8928-4ED1-8093-A97D9A7332ED}.Debug|Any CPU.ActiveCfg = Debug|Any CPU
		{C532CE77-8928-4ED1-8093-A97D9A7332ED}.Debug|Any CPU.Build.0 = Debug|Any CPU
		{C532CE77-8928-4ED1-8093-A97D9A7332ED}.Release|Any CPU.ActiveCfg = Release|Any CPU
		{C532CE77-8928-4ED1-8093-A97D9A7332ED}.Release|Any CPU.Build.0 = Release|Any CPU
		{67C3C32F-12A3-4E45-A701-6EA59F22E4A2}.Debug|Any CPU.ActiveCfg = Debug|Any CPU
		{67C3C32F-12A3-4E45-A701-6EA59F22E4A2}.Debug|Any CPU.Build.0 = Debug|Any CPU
		{67C3C32F-12A3-4E45-A701-6EA59F22E4A2}.Release|Any CPU.ActiveCfg = Release|Any CPU
		{67C3C32F-12A3-4E45-A701-6EA59F22E4A2}.Release|Any CPU.Build.0 = Release|Any CPU
		{118817AD-CCE9-40A4-A8A7-4B403E1EB28F}.Debug|Any CPU.ActiveCfg = Debug|Any CPU
		{118817AD-CCE9-40A4-A8A7-4B403E1EB28F}.Debug|Any CPU.Build.0 = Debug|Any CPU
		{118817AD-CCE9-40A4-A8A7-4B403E1EB28F}.Release|Any CPU.ActiveCfg = Release|Any CPU
		{118817AD-CCE9-40A4-A8A7-4B403E1EB28F}.Release|Any CPU.Build.0 = Release|Any CPU
		{FD963CA7-A488-4577-8D1D-43297EB6220F}.Debug|Any CPU.ActiveCfg = Debug|Any CPU
		{FD963CA7-A488-4577-8D1D-43297EB6220F}.Debug|Any CPU.Build.0 = Debug|Any CPU
		{FD963CA7-A488-4577-8D1D-43297EB6220F}.Release|Any CPU.ActiveCfg = Release|Any CPU
		{FD963CA7-A488-4577-8D1D-43297EB6220F}.Release|Any CPU.Build.0 = Release|Any CPU
		{1647A9DA-90A0-4B23-B6CD-410F7EE32A89}.Debug|Any CPU.ActiveCfg = Debug|Any CPU
		{1647A9DA-90A0-4B23-B6CD-410F7EE32A89}.Debug|Any CPU.Build.0 = Debug|Any CPU
		{1647A9DA-90A0-4B23-B6CD-410F7EE32A89}.Release|Any CPU.ActiveCfg = Release|Any CPU
		{1647A9DA-90A0-4B23-B6CD-410F7EE32A89}.Release|Any CPU.Build.0 = Release|Any CPU
		{562EA825-7859-4074-9B6E-8EDC3B393D35}.Debug|Any CPU.ActiveCfg = Debug|Any CPU
		{562EA825-7859-4074-9B6E-8EDC3B393D35}.Debug|Any CPU.Build.0 = Debug|Any CPU
		{562EA825-7859-4074-9B6E-8EDC3B393D35}.Release|Any CPU.ActiveCfg = Release|Any CPU
		{562EA825-7859-4074-9B6E-8EDC3B393D35}.Release|Any CPU.Build.0 = Release|Any CPU
		{B1FAC0A5-36A0-4F9B-A67A-F6B27BCFAC20}.Debug|Any CPU.ActiveCfg = Debug|Any CPU
		{B1FAC0A5-36A0-4F9B-A67A-F6B27BCFAC20}.Debug|Any CPU.Build.0 = Debug|Any CPU
		{B1FAC0A5-36A0-4F9B-A67A-F6B27BCFAC20}.Release|Any CPU.ActiveCfg = Release|Any CPU
		{B1FAC0A5-36A0-4F9B-A67A-F6B27BCFAC20}.Release|Any CPU.Build.0 = Release|Any CPU
	EndGlobalSection
	GlobalSection(SolutionProperties) = preSolution
		HideSolutionNode = FALSE
	EndGlobalSection
	GlobalSection(NestedProjects) = preSolution
		{1A9C21AC-0F3F-44E3-B923-6850557903EC} = {79CFFFAB-0E14-4828-9237-8985C5428F00}
		{685612FE-A0E5-4724-95E8-FE1803DFAC2D} = {79CFFFAB-0E14-4828-9237-8985C5428F00}
		{2F383FF4-BABB-44B2-BE01-7E9F11A6C89B} = {79CFFFAB-0E14-4828-9237-8985C5428F00}
		{FEF06900-2DD1-4C0E-A514-5E60A675526C} = {79CFFFAB-0E14-4828-9237-8985C5428F00}
		{FAE3EC41-F95B-40BB-BE99-5EE3A35020BF} = {AA608F69-C4ED-4242-875E-42793DDCA6B4}
		{C532CE77-8928-4ED1-8093-A97D9A7332ED} = {AA608F69-C4ED-4242-875E-42793DDCA6B4}
		{67C3C32F-12A3-4E45-A701-6EA59F22E4A2} = {79CFFFAB-0E14-4828-9237-8985C5428F00}
		{118817AD-CCE9-40A4-A8A7-4B403E1EB28F} = {79CFFFAB-0E14-4828-9237-8985C5428F00}
		{FD963CA7-A488-4577-8D1D-43297EB6220F} = {79CFFFAB-0E14-4828-9237-8985C5428F00}
		{1647A9DA-90A0-4B23-B6CD-410F7EE32A89} = {79CFFFAB-0E14-4828-9237-8985C5428F00}
		{562EA825-7859-4074-9B6E-8EDC3B393D35} = {79CFFFAB-0E14-4828-9237-8985C5428F00}
		{B1FAC0A5-36A0-4F9B-A67A-F6B27BCFAC20} = {79CFFFAB-0E14-4828-9237-8985C5428F00}
	EndGlobalSection
	GlobalSection(ExtensibilityGlobals) = postSolution
		SolutionGuid = {D0E447EF-EBC5-4EF0-AA29-E602AB168C93}
	EndGlobalSection
EndGlobal
